// !$*UTF8*$!
{
	archiveVersion = 1;
	classes = {
	};
	objectVersion = 50;
	objects = {

/* Begin PBXBuildFile section */
		BC0DB675259A2F7600016AC9 /* main.c in Sources */ = {isa = PBXBuildFile; fileRef = BC0DB674259A2F7600016AC9 /* main.c */; };
		BC854A27259ACF1400388DA6 /* main.c in Sources */ = {isa = PBXBuildFile; fileRef = BC854A26259ACF1400388DA6 /* main.c */; };
		BC854A34259AD03A00388DA6 /* main.c in Sources */ = {isa = PBXBuildFile; fileRef = BC854A33259AD03A00388DA6 /* main.c */; };
		BC854A42259AD12D00388DA6 /* main.c in Sources */ = {isa = PBXBuildFile; fileRef = BC854A41259AD12D00388DA6 /* main.c */; };
		BC854A51259AD5BF00388DA6 /* main.c in Sources */ = {isa = PBXBuildFile; fileRef = BC854A50259AD5BF00388DA6 /* main.c */; };
/* End PBXBuildFile section */

/* Begin PBXCopyFilesBuildPhase section */
		BC0DB667259A2D0000016AC9 /* CopyFiles */ = {
			isa = PBXCopyFilesBuildPhase;
			buildActionMask = 2147483647;
			dstPath = /usr/share/man/man1/;
			dstSubfolderSpec = 0;
			files = (
			);
			runOnlyForDeploymentPostprocessing = 1;
		};
		BC854A22259ACF1400388DA6 /* CopyFiles */ = {
			isa = PBXCopyFilesBuildPhase;
			buildActionMask = 2147483647;
			dstPath = /usr/share/man/man1/;
			dstSubfolderSpec = 0;
			files = (
			);
			runOnlyForDeploymentPostprocessing = 1;
		};
		BC854A2F259AD03A00388DA6 /* CopyFiles */ = {
			isa = PBXCopyFilesBuildPhase;
			buildActionMask = 2147483647;
			dstPath = /usr/share/man/man1/;
			dstSubfolderSpec = 0;
			files = (
			);
			runOnlyForDeploymentPostprocessing = 1;
		};
		BC854A3D259AD12D00388DA6 /* CopyFiles */ = {
			isa = PBXCopyFilesBuildPhase;
			buildActionMask = 2147483647;
			dstPath = /usr/share/man/man1/;
			dstSubfolderSpec = 0;
			files = (
			);
			runOnlyForDeploymentPostprocessing = 1;
		};
		BC854A4C259AD5BF00388DA6 /* CopyFiles */ = {
			isa = PBXCopyFilesBuildPhase;
			buildActionMask = 2147483647;
			dstPath = /usr/share/man/man1/;
			dstSubfolderSpec = 0;
			files = (
			);
			runOnlyForDeploymentPostprocessing = 1;
		};
/* End PBXCopyFilesBuildPhase section */

/* Begin PBXFileReference section */
		BC0DB669259A2D0000016AC9 /* Self_taught_C */ = {isa = PBXFileReference; explicitFileType = "compiled.mach-o.executable"; includeInIndex = 0; path = Self_taught_C; sourceTree = BUILT_PRODUCTS_DIR; };
		BC0DB674259A2F7600016AC9 /* main.c */ = {isa = PBXFileReference; fileEncoding = 4; lastKnownFileType = sourcecode.c.c; path = main.c; sourceTree = "<group>"; };
		BC854A24259ACF1400388DA6 /* 2-1 funtion main */ = {isa = PBXFileReference; explicitFileType = "compiled.mach-o.executable"; includeInIndex = 0; path = "2-1 funtion main"; sourceTree = BUILT_PRODUCTS_DIR; };
		BC854A26259ACF1400388DA6 /* main.c */ = {isa = PBXFileReference; lastKnownFileType = sourcecode.c.c; path = main.c; sourceTree = "<group>"; };
		BC854A31259AD03A00388DA6 /* 2-2 String output */ = {isa = PBXFileReference; explicitFileType = "compiled.mach-o.executable"; includeInIndex = 0; path = "2-2 String output"; sourceTree = BUILT_PRODUCTS_DIR; };
		BC854A33259AD03A00388DA6 /* main.c */ = {isa = PBXFileReference; lastKnownFileType = sourcecode.c.c; path = main.c; sourceTree = "<group>"; };
		BC854A3F259AD12D00388DA6 /* 2-3 Control characters */ = {isa = PBXFileReference; explicitFileType = "compiled.mach-o.executable"; includeInIndex = 0; path = "2-3 Control characters"; sourceTree = BUILT_PRODUCTS_DIR; };
		BC854A41259AD12D00388DA6 /* main.c */ = {isa = PBXFileReference; lastKnownFileType = sourcecode.c.c; path = main.c; sourceTree = "<group>"; };
		BC854A4E259AD5BF00388DA6 /* 2-4 Integer and real number */ = {isa = PBXFileReference; explicitFileType = "compiled.mach-o.executable"; includeInIndex = 0; path = "2-4 Integer and real number"; sourceTree = BUILT_PRODUCTS_DIR; };
		BC854A50259AD5BF00388DA6 /* main.c */ = {isa = PBXFileReference; lastKnownFileType = sourcecode.c.c; path = main.c; sourceTree = "<group>"; };
/* End PBXFileReference section */

/* Begin PBXFrameworksBuildPhase section */
		BC0DB666259A2D0000016AC9 /* Frameworks */ = {
			isa = PBXFrameworksBuildPhase;
			buildActionMask = 2147483647;
			files = (
			);
			runOnlyForDeploymentPostprocessing = 0;
		};
		BC854A21259ACF1400388DA6 /* Frameworks */ = {
			isa = PBXFrameworksBuildPhase;
			buildActionMask = 2147483647;
			files = (
			);
			runOnlyForDeploymentPostprocessing = 0;
		};
		BC854A2E259AD03A00388DA6 /* Frameworks */ = {
			isa = PBXFrameworksBuildPhase;
			buildActionMask = 2147483647;
			files = (
			);
			runOnlyForDeploymentPostprocessing = 0;
		};
		BC854A3C259AD12D00388DA6 /* Frameworks */ = {
			isa = PBXFrameworksBuildPhase;
			buildActionMask = 2147483647;
			files = (
			);
			runOnlyForDeploymentPostprocessing = 0;
		};
		BC854A4B259AD5BF00388DA6 /* Frameworks */ = {
			isa = PBXFrameworksBuildPhase;
			buildActionMask = 2147483647;
			files = (
			);
			runOnlyForDeploymentPostprocessing = 0;
		};
/* End PBXFrameworksBuildPhase section */

/* Begin PBXGroup section */
		BC0DB660259A2D0000016AC9 = {
			isa = PBXGroup;
			children = (
				BC0DB66B259A2D0000016AC9 /* 1-2 Creat new project */,
				BC854A25259ACF1400388DA6 /* 2-1 funtion main */,
				BC854A32259AD03A00388DA6 /* 2-2 String output */,
				BC854A40259AD12D00388DA6 /* 2-3 Control characters */,
				BC854A4F259AD5BF00388DA6 /* 2-4 Integer and real number */,
				BC0DB66A259A2D0000016AC9 /* Products */,
			);
			sourceTree = "<group>";
		};
		BC0DB66A259A2D0000016AC9 /* Products */ = {
			isa = PBXGroup;
			children = (
				BC0DB669259A2D0000016AC9 /* Self_taught_C */,
				BC854A24259ACF1400388DA6 /* 2-1 funtion main */,
				BC854A31259AD03A00388DA6 /* 2-2 String output */,
				BC854A3F259AD12D00388DA6 /* 2-3 Control characters */,
				BC854A4E259AD5BF00388DA6 /* 2-4 Integer and real number */,
			);
			name = Products;
			sourceTree = "<group>";
		};
		BC0DB66B259A2D0000016AC9 /* 1-2 Creat new project */ = {
			isa = PBXGroup;
			children = (
				BC0DB674259A2F7600016AC9 /* main.c */,
			);
			path = "1-2 Creat new project";
			sourceTree = "<group>";
		};
		BC854A25259ACF1400388DA6 /* 2-1 funtion main */ = {
			isa = PBXGroup;
			children = (
				BC854A26259ACF1400388DA6 /* main.c */,
			);
			path = "2-1 funtion main";
			sourceTree = "<group>";
		};
		BC854A32259AD03A00388DA6 /* 2-2 String output */ = {
			isa = PBXGroup;
			children = (
				BC854A33259AD03A00388DA6 /* main.c */,
			);
			path = "2-2 String output";
			sourceTree = "<group>";
		};
		BC854A40259AD12D00388DA6 /* 2-3 Control characters */ = {
			isa = PBXGroup;
			children = (
				BC854A41259AD12D00388DA6 /* main.c */,
			);
			path = "2-3 Control characters";
			sourceTree = "<group>";
		};
		BC854A4F259AD5BF00388DA6 /* 2-4 Integer and real number */ = {
			isa = PBXGroup;
			children = (
				BC854A50259AD5BF00388DA6 /* main.c */,
			);
			path = "2-4 Integer and real number";
			sourceTree = "<group>";
		};
/* End PBXGroup section */

/* Begin PBXNativeTarget section */
		BC0DB668259A2D0000016AC9 /* Self_taught_C */ = {
			isa = PBXNativeTarget;
			buildConfigurationList = BC0DB670259A2D0000016AC9 /* Build configuration list for PBXNativeTarget "Self_taught_C" */;
			buildPhases = (
				BC0DB665259A2D0000016AC9 /* Sources */,
				BC0DB666259A2D0000016AC9 /* Frameworks */,
				BC0DB667259A2D0000016AC9 /* CopyFiles */,
			);
			buildRules = (
			);
			dependencies = (
			);
			name = Self_taught_C;
			productName = Self_taught_C;
			productReference = BC0DB669259A2D0000016AC9 /* Self_taught_C */;
			productType = "com.apple.product-type.tool";
		};
		BC854A23259ACF1400388DA6 /* 2-1 funtion main */ = {
			isa = PBXNativeTarget;
			buildConfigurationList = BC854A2A259ACF1400388DA6 /* Build configuration list for PBXNativeTarget "2-1 funtion main" */;
			buildPhases = (
				BC854A20259ACF1400388DA6 /* Sources */,
				BC854A21259ACF1400388DA6 /* Frameworks */,
				BC854A22259ACF1400388DA6 /* CopyFiles */,
			);
			buildRules = (
			);
			dependencies = (
			);
			name = "2-1 funtion main";
			productName = "2-1 funtion main";
			productReference = BC854A24259ACF1400388DA6 /* 2-1 funtion main */;
			productType = "com.apple.product-type.tool";
		};
		BC854A30259AD03A00388DA6 /* 2-2 String output */ = {
			isa = PBXNativeTarget;
			buildConfigurationList = BC854A35259AD03A00388DA6 /* Build configuration list for PBXNativeTarget "2-2 String output" */;
			buildPhases = (
				BC854A2D259AD03A00388DA6 /* Sources */,
				BC854A2E259AD03A00388DA6 /* Frameworks */,
				BC854A2F259AD03A00388DA6 /* CopyFiles */,
			);
			buildRules = (
			);
			dependencies = (
			);
			name = "2-2 String output";
			productName = "2-2 String output";
			productReference = BC854A31259AD03A00388DA6 /* 2-2 String output */;
			productType = "com.apple.product-type.tool";
		};
		BC854A3E259AD12D00388DA6 /* 2-3 Control characters */ = {
			isa = PBXNativeTarget;
			buildConfigurationList = BC854A43259AD12D00388DA6 /* Build configuration list for PBXNativeTarget "2-3 Control characters" */;
			buildPhases = (
				BC854A3B259AD12D00388DA6 /* Sources */,
				BC854A3C259AD12D00388DA6 /* Frameworks */,
				BC854A3D259AD12D00388DA6 /* CopyFiles */,
			);
			buildRules = (
			);
			dependencies = (
			);
			name = "2-3 Control characters";
			productName = "2-3 Control characters";
			productReference = BC854A3F259AD12D00388DA6 /* 2-3 Control characters */;
			productType = "com.apple.product-type.tool";
		};
		BC854A4D259AD5BF00388DA6 /* 2-4 Integer and real number */ = {
			isa = PBXNativeTarget;
			buildConfigurationList = BC854A52259AD5BF00388DA6 /* Build configuration list for PBXNativeTarget "2-4 Integer and real number" */;
			buildPhases = (
				BC854A4A259AD5BF00388DA6 /* Sources */,
				BC854A4B259AD5BF00388DA6 /* Frameworks */,
				BC854A4C259AD5BF00388DA6 /* CopyFiles */,
			);
			buildRules = (
			);
			dependencies = (
			);
			name = "2-4 Integer and real number";
			productName = "2-4 Integer and real number";
			productReference = BC854A4E259AD5BF00388DA6 /* 2-4 Integer and real number */;
			productType = "com.apple.product-type.tool";
		};
/* End PBXNativeTarget section */

/* Begin PBXProject section */
		BC0DB661259A2D0000016AC9 /* Project object */ = {
			isa = PBXProject;
			attributes = {
				LastUpgradeCheck = 1220;
				TargetAttributes = {
					BC0DB668259A2D0000016AC9 = {
						CreatedOnToolsVersion = 12.2;
					};
					BC854A23259ACF1400388DA6 = {
						CreatedOnToolsVersion = 12.2;
					};
					BC854A30259AD03A00388DA6 = {
						CreatedOnToolsVersion = 12.2;
					};
					BC854A3E259AD12D00388DA6 = {
						CreatedOnToolsVersion = 12.2;
					};
					BC854A4D259AD5BF00388DA6 = {
						CreatedOnToolsVersion = 12.2;
					};
				};
			};
			buildConfigurationList = BC0DB664259A2D0000016AC9 /* Build configuration list for PBXProject "Self_taught_C" */;
			compatibilityVersion = "Xcode 9.3";
			developmentRegion = en;
			hasScannedForEncodings = 0;
			knownRegions = (
				en,
				Base,
			);
			mainGroup = BC0DB660259A2D0000016AC9;
			productRefGroup = BC0DB66A259A2D0000016AC9 /* Products */;
			projectDirPath = "";
			projectRoot = "";
			targets = (
				BC0DB668259A2D0000016AC9 /* Self_taught_C */,
				BC854A23259ACF1400388DA6 /* 2-1 funtion main */,
				BC854A30259AD03A00388DA6 /* 2-2 String output */,
				BC854A3E259AD12D00388DA6 /* 2-3 Control characters */,
				BC854A4D259AD5BF00388DA6 /* 2-4 Integer and real number */,
			);
		};
/* End PBXProject section */

/* Begin PBXSourcesBuildPhase section */
		BC0DB665259A2D0000016AC9 /* Sources */ = {
			isa = PBXSourcesBuildPhase;
			buildActionMask = 2147483647;
			files = (
				BC0DB675259A2F7600016AC9 /* main.c in Sources */,
			);
			runOnlyForDeploymentPostprocessing = 0;
		};
		BC854A20259ACF1400388DA6 /* Sources */ = {
			isa = PBXSourcesBuildPhase;
			buildActionMask = 2147483647;
			files = (
				BC854A27259ACF1400388DA6 /* main.c in Sources */,
			);
			runOnlyForDeploymentPostprocessing = 0;
		};
		BC854A2D259AD03A00388DA6 /* Sources */ = {
			isa = PBXSourcesBuildPhase;
			buildActionMask = 2147483647;
			files = (
				BC854A34259AD03A00388DA6 /* main.c in Sources */,
			);
			runOnlyForDeploymentPostprocessing = 0;
		};
		BC854A3B259AD12D00388DA6 /* Sources */ = {
			isa = PBXSourcesBuildPhase;
			buildActionMask = 2147483647;
			files = (
				BC854A42259AD12D00388DA6 /* main.c in Sources */,
			);
			runOnlyForDeploymentPostprocessing = 0;
		};
		BC854A4A259AD5BF00388DA6 /* Sources */ = {
			isa = PBXSourcesBuildPhase;
			buildActionMask = 2147483647;
			files = (
				BC854A51259AD5BF00388DA6 /* main.c in Sources */,
			);
			runOnlyForDeploymentPostprocessing = 0;
		};
/* End PBXSourcesBuildPhase section */

/* Begin XCBuildConfiguration section */
		BC0DB66E259A2D0000016AC9 /* Debug */ = {
			isa = XCBuildConfiguration;
			buildSettings = {
				ALWAYS_SEARCH_USER_PATHS = NO;
				CLANG_ANALYZER_NONNULL = YES;
				CLANG_ANALYZER_NUMBER_OBJECT_CONVERSION = YES_AGGRESSIVE;
				CLANG_CXX_LANGUAGE_STANDARD = "gnu++14";
				CLANG_CXX_LIBRARY = "libc++";
				CLANG_ENABLE_MODULES = YES;
				CLANG_ENABLE_OBJC_ARC = YES;
				CLANG_ENABLE_OBJC_WEAK = YES;
				CLANG_WARN_BLOCK_CAPTURE_AUTORELEASING = YES;
				CLANG_WARN_BOOL_CONVERSION = YES;
				CLANG_WARN_COMMA = YES;
				CLANG_WARN_CONSTANT_CONVERSION = YES;
				CLANG_WARN_DEPRECATED_OBJC_IMPLEMENTATIONS = YES;
				CLANG_WARN_DIRECT_OBJC_ISA_USAGE = YES_ERROR;
				CLANG_WARN_DOCUMENTATION_COMMENTS = YES;
				CLANG_WARN_EMPTY_BODY = YES;
				CLANG_WARN_ENUM_CONVERSION = YES;
				CLANG_WARN_INFINITE_RECURSION = YES;
				CLANG_WARN_INT_CONVERSION = YES;
				CLANG_WARN_NON_LITERAL_NULL_CONVERSION = YES;
				CLANG_WARN_OBJC_IMPLICIT_RETAIN_SELF = YES;
				CLANG_WARN_OBJC_LITERAL_CONVERSION = YES;
				CLANG_WARN_OBJC_ROOT_CLASS = YES_ERROR;
				CLANG_WARN_QUOTED_INCLUDE_IN_FRAMEWORK_HEADER = YES;
				CLANG_WARN_RANGE_LOOP_ANALYSIS = YES;
				CLANG_WARN_STRICT_PROTOTYPES = YES;
				CLANG_WARN_SUSPICIOUS_MOVE = YES;
				CLANG_WARN_UNGUARDED_AVAILABILITY = YES_AGGRESSIVE;
				CLANG_WARN_UNREACHABLE_CODE = YES;
				CLANG_WARN__DUPLICATE_METHOD_MATCH = YES;
				COPY_PHASE_STRIP = NO;
				DEBUG_INFORMATION_FORMAT = dwarf;
				ENABLE_STRICT_OBJC_MSGSEND = YES;
				ENABLE_TESTABILITY = YES;
				GCC_C_LANGUAGE_STANDARD = gnu11;
				GCC_DYNAMIC_NO_PIC = NO;
				GCC_NO_COMMON_BLOCKS = YES;
				GCC_OPTIMIZATION_LEVEL = 0;
				GCC_PREPROCESSOR_DEFINITIONS = (
					"DEBUG=1",
					"$(inherited)",
				);
				GCC_WARN_64_TO_32_BIT_CONVERSION = YES;
				GCC_WARN_ABOUT_RETURN_TYPE = YES_ERROR;
				GCC_WARN_UNDECLARED_SELECTOR = YES;
				GCC_WARN_UNINITIALIZED_AUTOS = YES_AGGRESSIVE;
				GCC_WARN_UNUSED_FUNCTION = YES;
				GCC_WARN_UNUSED_VARIABLE = YES;
				MACOSX_DEPLOYMENT_TARGET = 11.0;
				MTL_ENABLE_DEBUG_INFO = INCLUDE_SOURCE;
				MTL_FAST_MATH = YES;
				ONLY_ACTIVE_ARCH = YES;
				SDKROOT = macosx;
			};
			name = Debug;
		};
		BC0DB66F259A2D0000016AC9 /* Release */ = {
			isa = XCBuildConfiguration;
			buildSettings = {
				ALWAYS_SEARCH_USER_PATHS = NO;
				CLANG_ANALYZER_NONNULL = YES;
				CLANG_ANALYZER_NUMBER_OBJECT_CONVERSION = YES_AGGRESSIVE;
				CLANG_CXX_LANGUAGE_STANDARD = "gnu++14";
				CLANG_CXX_LIBRARY = "libc++";
				CLANG_ENABLE_MODULES = YES;
				CLANG_ENABLE_OBJC_ARC = YES;
				CLANG_ENABLE_OBJC_WEAK = YES;
				CLANG_WARN_BLOCK_CAPTURE_AUTORELEASING = YES;
				CLANG_WARN_BOOL_CONVERSION = YES;
				CLANG_WARN_COMMA = YES;
				CLANG_WARN_CONSTANT_CONVERSION = YES;
				CLANG_WARN_DEPRECATED_OBJC_IMPLEMENTATIONS = YES;
				CLANG_WARN_DIRECT_OBJC_ISA_USAGE = YES_ERROR;
				CLANG_WARN_DOCUMENTATION_COMMENTS = YES;
				CLANG_WARN_EMPTY_BODY = YES;
				CLANG_WARN_ENUM_CONVERSION = YES;
				CLANG_WARN_INFINITE_RECURSION = YES;
				CLANG_WARN_INT_CONVERSION = YES;
				CLANG_WARN_NON_LITERAL_NULL_CONVERSION = YES;
				CLANG_WARN_OBJC_IMPLICIT_RETAIN_SELF = YES;
				CLANG_WARN_OBJC_LITERAL_CONVERSION = YES;
				CLANG_WARN_OBJC_ROOT_CLASS = YES_ERROR;
				CLANG_WARN_QUOTED_INCLUDE_IN_FRAMEWORK_HEADER = YES;
				CLANG_WARN_RANGE_LOOP_ANALYSIS = YES;
				CLANG_WARN_STRICT_PROTOTYPES = YES;
				CLANG_WARN_SUSPICIOUS_MOVE = YES;
				CLANG_WARN_UNGUARDED_AVAILABILITY = YES_AGGRESSIVE;
				CLANG_WARN_UNREACHABLE_CODE = YES;
				CLANG_WARN__DUPLICATE_METHOD_MATCH = YES;
				COPY_PHASE_STRIP = NO;
				DEBUG_INFORMATION_FORMAT = "dwarf-with-dsym";
				ENABLE_NS_ASSERTIONS = NO;
				ENABLE_STRICT_OBJC_MSGSEND = YES;
				GCC_C_LANGUAGE_STANDARD = gnu11;
				GCC_NO_COMMON_BLOCKS = YES;
				GCC_WARN_64_TO_32_BIT_CONVERSION = YES;
				GCC_WARN_ABOUT_RETURN_TYPE = YES_ERROR;
				GCC_WARN_UNDECLARED_SELECTOR = YES;
				GCC_WARN_UNINITIALIZED_AUTOS = YES_AGGRESSIVE;
				GCC_WARN_UNUSED_FUNCTION = YES;
				GCC_WARN_UNUSED_VARIABLE = YES;
				MACOSX_DEPLOYMENT_TARGET = 11.0;
				MTL_ENABLE_DEBUG_INFO = NO;
				MTL_FAST_MATH = YES;
				SDKROOT = macosx;
			};
			name = Release;
		};
		BC0DB671259A2D0000016AC9 /* Debug */ = {
			isa = XCBuildConfiguration;
			buildSettings = {
				CODE_SIGN_STYLE = Automatic;
				DEVELOPMENT_TEAM = UL264WB4Z5;
				ENABLE_HARDENED_RUNTIME = YES;
				PRODUCT_NAME = "$(TARGET_NAME)";
			};
			name = Debug;
		};
		BC0DB672259A2D0000016AC9 /* Release */ = {
			isa = XCBuildConfiguration;
			buildSettings = {
				CODE_SIGN_STYLE = Automatic;
				DEVELOPMENT_TEAM = UL264WB4Z5;
				ENABLE_HARDENED_RUNTIME = YES;
				PRODUCT_NAME = "$(TARGET_NAME)";
			};
			name = Release;
		};
		BC854A28259ACF1400388DA6 /* Debug */ = {
			isa = XCBuildConfiguration;
			buildSettings = {
				CODE_SIGN_STYLE = Automatic;
				DEVELOPMENT_TEAM = UL264WB4Z5;
				ENABLE_HARDENED_RUNTIME = YES;
				PRODUCT_NAME = "$(TARGET_NAME)";
			};
			name = Debug;
		};
		BC854A29259ACF1400388DA6 /* Release */ = {
			isa = XCBuildConfiguration;
			buildSettings = {
				CODE_SIGN_STYLE = Automatic;
				DEVELOPMENT_TEAM = UL264WB4Z5;
				ENABLE_HARDENED_RUNTIME = YES;
				PRODUCT_NAME = "$(TARGET_NAME)";
			};
			name = Release;
		};
		BC854A36259AD03A00388DA6 /* Debug */ = {
			isa = XCBuildConfiguration;
			buildSettings = {
				CODE_SIGN_STYLE = Automatic;
				DEVELOPMENT_TEAM = UL264WB4Z5;
				ENABLE_HARDENED_RUNTIME = YES;
				PRODUCT_NAME = "$(TARGET_NAME)";
			};
			name = Debug;
		};
		BC854A37259AD03A00388DA6 /* Release */ = {
			isa = XCBuildConfiguration;
			buildSettings = {
				CODE_SIGN_STYLE = Automatic;
				DEVELOPMENT_TEAM = UL264WB4Z5;
				ENABLE_HARDENED_RUNTIME = YES;
				PRODUCT_NAME = "$(TARGET_NAME)";
			};
			name = Release;
		};
		BC854A44259AD12D00388DA6 /* Debug */ = {
			isa = XCBuildConfiguration;
			buildSettings = {
				CODE_SIGN_STYLE = Automatic;
				DEVELOPMENT_TEAM = UL264WB4Z5;
				ENABLE_HARDENED_RUNTIME = YES;
				PRODUCT_NAME = "$(TARGET_NAME)";
			};
			name = Debug;
		};
		BC854A45259AD12D00388DA6 /* Release */ = {
			isa = XCBuildConfiguration;
			buildSettings = {
				CODE_SIGN_STYLE = Automatic;
				DEVELOPMENT_TEAM = UL264WB4Z5;
				ENABLE_HARDENED_RUNTIME = YES;
				PRODUCT_NAME = "$(TARGET_NAME)";
			};
			name = Release;
		};
		BC854A53259AD5BF00388DA6 /* Debug */ = {
			isa = XCBuildConfiguration;
			buildSettings = {
				CODE_SIGN_STYLE = Automatic;
				DEVELOPMENT_TEAM = UL264WB4Z5;
				ENABLE_HARDENED_RUNTIME = YES;
				PRODUCT_NAME = "$(TARGET_NAME)";
			};
			name = Debug;
		};
		BC854A54259AD5BF00388DA6 /* Release */ = {
			isa = XCBuildConfiguration;
			buildSettings = {
				CODE_SIGN_STYLE = Automatic;
				DEVELOPMENT_TEAM = UL264WB4Z5;
				ENABLE_HARDENED_RUNTIME = YES;
				PRODUCT_NAME = "$(TARGET_NAME)";
			};
			name = Release;
		};
/* End XCBuildConfiguration section */

/* Begin XCConfigurationList section */
		BC0DB664259A2D0000016AC9 /* Build configuration list for PBXProject "Self_taught_C" */ = {
			isa = XCConfigurationList;
			buildConfigurations = (
				BC0DB66E259A2D0000016AC9 /* Debug */,
				BC0DB66F259A2D0000016AC9 /* Release */,
			);
			defaultConfigurationIsVisible = 0;
			defaultConfigurationName = Release;
		};
		BC0DB670259A2D0000016AC9 /* Build configuration list for PBXNativeTarget "Self_taught_C" */ = {
			isa = XCConfigurationList;
			buildConfigurations = (
				BC0DB671259A2D0000016AC9 /* Debug */,
				BC0DB672259A2D0000016AC9 /* Release */,
			);
			defaultConfigurationIsVisible = 0;
			defaultConfigurationName = Release;
		};
		BC854A2A259ACF1400388DA6 /* Build configuration list for PBXNativeTarget "2-1 funtion main" */ = {
			isa = XCConfigurationList;
			buildConfigurations = (
				BC854A28259ACF1400388DA6 /* Debug */,
				BC854A29259ACF1400388DA6 /* Release */,
			);
			defaultConfigurationIsVisible = 0;
			defaultConfigurationName = Release;
		};
		BC854A35259AD03A00388DA6 /* Build configuration list for PBXNativeTarget "2-2 String output" */ = {
			isa = XCConfigurationList;
			buildConfigurations = (
				BC854A36259AD03A00388DA6 /* Debug */,
				BC854A37259AD03A00388DA6 /* Release */,
			);
			defaultConfigurationIsVisible = 0;
			defaultConfigurationName = Release;
		};
		BC854A43259AD12D00388DA6 /* Build configuration list for PBXNativeTarget "2-3 Control characters" */ = {
			isa = XCConfigurationList;
			buildConfigurations = (
				BC854A44259AD12D00388DA6 /* Debug */,
				BC854A45259AD12D00388DA6 /* Release */,
			);
			defaultConfigurationIsVisible = 0;
			defaultConfigurationName = Release;
		};
		BC854A52259AD5BF00388DA6 /* Build configuration list for PBXNativeTarget "2-4 Integer and real number" */ = {
			isa = XCConfigurationList;
			buildConfigurations = (
				BC854A53259AD5BF00388DA6 /* Debug */,
				BC854A54259AD5BF00388DA6 /* Release */,
			);
			defaultConfigurationIsVisible = 0;
			defaultConfigurationName = Release;
		};
/* End XCConfigurationList section */
	};
	rootObject = BC0DB661259A2D0000016AC9 /* Project object */;
}
